Microsoft Visual Studio Solution File, Format Version 12.00
# Visual Studio 2012
Project("{8BC9CEB8-8B4A-11D0-8D11-00A0C91BC942}") = "twakaze", "twakaze\twakaze.vcxproj", "{31BF9B7B-F955-4B39-9FDA-FE4E2B995ECC}"
EndProject
Project("{8BC9CEB8-8B4A-11D0-8D11-00A0C91BC942}") = "tworb", "tworb\tworb.vcxproj", "{1ABDD080-D303-4B77-8425-D13F914A5CF5}"
EndProject
Project("{8BC9CEB8-8B4A-11D0-8D11-00A0C91BC942}") = "dsplib", "dsplib\dsplib.vcxproj", "{1E410450-9B9C-4A1F-9901-E19C111CED40}"
	ProjectSection(ProjectDependencies) = postProject
		{31BF9B7B-F955-4B39-9FDA-FE4E2B995ECC} = {31BF9B7B-F955-4B39-9FDA-FE4E2B995ECC}
		{1ABDD080-D303-4B77-8425-D13F914A5CF5} = {1ABDD080-D303-4B77-8425-D13F914A5CF5}
	EndProjectSection
EndProject
Project("{8BC9CEB8-8B4A-11D0-8D11-00A0C91BC942}") = "test_main", "test_main\test_main.vcxproj", "{55BA20A8-74A9-4C22-9D2B-76E467C26D60}"
	ProjectSection(ProjectDependencies) = postProject
		{1E410450-9B9C-4A1F-9901-E19C111CED40} = {1E410450-9B9C-4A1F-9901-E19C111CED40}
	EndProjectSection
EndProject
Project("{8BC9CEB8-8B4A-11D0-8D11-00A0C91BC942}") = "tran", "tran\tran.vcxproj", "{F0B4328E-DE01-4B59-89DC-C2535A0C63ED}"
EndProject
Project("{8BC9CEB8-8B4A-11D0-8D11-00A0C91BC942}") = "train-Test", "Server2.1\build\test\trainDemo\train-Test.vcxproj", "{F8886EB6-CC5D-4854-ADAB-0E61B74EE9FE}"
EndProject
Project("{8BC9CEB8-8B4A-11D0-8D11-00A0C91BC942}") = "tranBook-Test", "Server2.1\build\test\tranBookDemo\tranBook-Test.vcxproj", "{F4690F6B-A2FF-4199-BE30-65D959B9A643}"
EndProject
Project("{8BC9CEB8-8B4A-11D0-8D11-00A0C91BC942}") = "xxhash-Test", "Server2.1\build\test\xxhash\xxhash-Test.vcxproj", "{ED5D6732-2C0C-4BC1-A911-1F62ABF3AED6}"
EndProject
Project("{2150E333-8FDC-42A3-9474-1A3956D46DE8}") = "tran_liunx", "tran_liunx", "{F00A0DA2-3160-4BC0-8199-4380237DAF1A}"
EndProject
Project("{2150E333-8FDC-42A3-9474-1A3956D46DE8}") = "tran_win32", "tran_win32", "{75977E8F-82F9-4D52-95ED-AF892E65EC8D}"
EndProject
Project("{2150E333-8FDC-42A3-9474-1A3956D46DE8}") = "dsplib_device", "dsplib_device", "{D46D2794-F952-4EAE-8BB8-54244BEAD697}"
EndProject
Global
	GlobalSection(SolutionConfigurationPlatforms) = preSolution
		Debug|Win32 = Debug|Win32
		MinSizeRel|Win32 = MinSizeRel|Win32
		Release|Win32 = Release|Win32
		RelWithDebInfo|Win32 = RelWithDebInfo|Win32
	EndGlobalSection
	GlobalSection(ProjectConfigurationPlatforms) = postSolution
		{31BF9B7B-F955-4B39-9FDA-FE4E2B995ECC}.Debug|Win32.ActiveCfg = Debug|Win32
		{31BF9B7B-F955-4B39-9FDA-FE4E2B995ECC}.Debug|Win32.Build.0 = Debug|Win32
		{31BF9B7B-F955-4B39-9FDA-FE4E2B995ECC}.MinSizeRel|Win32.ActiveCfg = Release|Win32
		{31BF9B7B-F955-4B39-9FDA-FE4E2B995ECC}.MinSizeRel|Win32.Build.0 = Release|Win32
		{31BF9B7B-F955-4B39-9FDA-FE4E2B995ECC}.Release|Win32.ActiveCfg = Release|Win32
		{31BF9B7B-F955-4B39-9FDA-FE4E2B995ECC}.Release|Win32.Build.0 = Release|Win32
		{31BF9B7B-F955-4B39-9FDA-FE4E2B995ECC}.RelWithDebInfo|Win32.ActiveCfg = Release|Win32
		{31BF9B7B-F955-4B39-9FDA-FE4E2B995ECC}.RelWithDebInfo|Win32.Build.0 = Release|Win32
		{1ABDD080-D303-4B77-8425-D13F914A5CF5}.Debug|Win32.ActiveCfg = Debug|Win32
		{1ABDD080-D303-4B77-8425-D13F914A5CF5}.Debug|Win32.Build.0 = Debug|Win32
		{1ABDD080-D303-4B77-8425-D13F914A5CF5}.MinSizeRel|Win32.ActiveCfg = Release|Win32
		{1ABDD080-D303-4B77-8425-D13F914A5CF5}.MinSizeRel|Win32.Build.0 = Release|Win32
		{1ABDD080-D303-4B77-8425-D13F914A5CF5}.Release|Win32.ActiveCfg = Release|Win32
		{1ABDD080-D303-4B77-8425-D13F914A5CF5}.Release|Win32.Build.0 = Release|Win32
		{1ABDD080-D303-4B77-8425-D13F914A5CF5}.RelWithDebInfo|Win32.ActiveCfg = Release|Win32
		{1ABDD080-D303-4B77-8425-D13F914A5CF5}.RelWithDebInfo|Win32.Build.0 = Release|Win32
		{1E410450-9B9C-4A1F-9901-E19C111CED40}.Debug|Win32.ActiveCfg = Debug|Win32
		{1E410450-9B9C-4A1F-9901-E19C111CED40}.Debug|Win32.Build.0 = Debug|Win32
		{1E410450-9B9C-4A1F-9901-E19C111CED40}.MinSizeRel|Win32.ActiveCfg = Release|Win32
		{1E410450-9B9C-4A1F-9901-E19C111CED40}.MinSizeRel|Win32.Build.0 = Release|Win32
		{1E410450-9B9C-4A1F-9901-E19C111CED40}.Release|Win32.ActiveCfg = Release|Win32
		{1E410450-9B9C-4A1F-9901-E19C111CED40}.Release|Win32.Build.0 = Release|Win32
		{1E410450-9B9C-4A1F-9901-E19C111CED40}.RelWithDebInfo|Win32.ActiveCfg = Release|Win32
		{1E410450-9B9C-4A1F-9901-E19C111CED40}.RelWithDebInfo|Win32.Build.0 = Release|Win32
		{55BA20A8-74A9-4C22-9D2B-76E467C26D60}.Debug|Win32.ActiveCfg = Debug|Win32
		{55BA20A8-74A9-4C22-9D2B-76E467C26D60}.Debug|Win32.Build.0 = Debug|Win32
		{55BA20A8-74A9-4C22-9D2B-76E467C26D60}.MinSizeRel|Win32.ActiveCfg = Release|Win32
		{55BA20A8-74A9-4C22-9D2B-76E467C26D60}.MinSizeRel|Win32.Build.0 = Release|Win32
		{55BA20A8-74A9-4C22-9D2B-76E467C26D60}.Release|Win32.ActiveCfg = Release|Win32
		{55BA20A8-74A9-4C22-9D2B-76E467C26D60}.Release|Win32.Build.0 = Release|Win32
		{55BA20A8-74A9-4C22-9D2B-76E467C26D60}.RelWithDebInfo|Win32.ActiveCfg = Release|Win32
		{55BA20A8-74A9-4C22-9D2B-76E467C26D60}.RelWithDebInfo|Win32.Build.0 = Release|Win32
		{F0B4328E-DE01-4B59-89DC-C2535A0C63ED}.Debug|Win32.ActiveCfg = Debug|Win32
		{F0B4328E-DE01-4B59-89DC-C2535A0C63ED}.Debug|Win32.Build.0 = Debug|Win32
		{F0B4328E-DE01-4B59-89DC-C2535A0C63ED}.MinSizeRel|Win32.ActiveCfg = Release|Win32
		{F0B4328E-DE01-4B59-89DC-C2535A0C63ED}.MinSizeRel|Win32.Build.0 = Release|Win32
		{F0B4328E-DE01-4B59-89DC-C2535A0C63ED}.Release|Win32.ActiveCfg = Release|Win32
		{F0B4328E-DE01-4B59-89DC-C2535A0C63ED}.Release|Win32.Build.0 = Release|Win32
		{F0B4328E-DE01-4B59-89DC-C2535A0C63ED}.RelWithDebInfo|Win32.ActiveCfg = Release|Win32
		{F0B4328E-DE01-4B59-89DC-C2535A0C63ED}.RelWithDebInfo|Win32.Build.0 = Release|Win32
		{F8886EB6-CC5D-4854-ADAB-0E61B74EE9FE}.Debug|Win32.ActiveCfg = Debug|Win32
		{F8886EB6-CC5D-4854-ADAB-0E61B74EE9FE}.Debug|Win32.Build.0 = Debug|Win32
		{F8886EB6-CC5D-4854-ADAB-0E61B74EE9FE}.MinSizeRel|Win32.ActiveCfg = MinSizeRel|Win32
		{F8886EB6-CC5D-4854-ADAB-0E61B74EE9FE}.MinSizeRel|Win32.Build.0 = MinSizeRel|Win32
		{F8886EB6-CC5D-4854-ADAB-0E61B74EE9FE}.Release|Win32.ActiveCfg = Release|Win32
		{F8886EB6-CC5D-4854-ADAB-0E61B74EE9FE}.Release|Win32.Build.0 = Release|Win32
		{F8886EB6-CC5D-4854-ADAB-0E61B74EE9FE}.RelWithDebInfo|Win32.ActiveCfg = RelWithDebInfo|Win32
		{F8886EB6-CC5D-4854-ADAB-0E61B74EE9FE}.RelWithDebInfo|Win32.Build.0 = RelWithDebInfo|Win32
		{F4690F6B-A2FF-4199-BE30-65D959B9A643}.Debug|Win32.ActiveCfg = Debug|Win32
		{F4690F6B-A2FF-4199-BE30-65D959B9A643}.Debug|Win32.Build.0 = Debug|Win32
		{F4690F6B-A2FF-4199-BE30-65D959B9A643}.MinSizeRel|Win32.ActiveCfg = MinSizeRel|Win32
		{F4690F6B-A2FF-4199-BE30-65D959B9A643}.MinSizeRel|Win32.Build.0 = MinSizeRel|Win32
		{F4690F6B-A2FF-4199-BE30-65D959B9A643}.Release|Win32.ActiveCfg = Release|Win32
		{F4690F6B-A2FF-4199-BE30-65D959B9A643}.Release|Win32.Build.0 = Release|Win32
		{F4690F6B-A2FF-4199-BE30-65D959B9A643}.RelWithDebInfo|Win32.ActiveCfg = RelWithDebInfo|Win32
		{F4690F6B-A2FF-4199-BE30-65D959B9A643}.RelWithDebInfo|Win32.Build.0 = RelWithDebInfo|Win32
		{ED5D6732-2C0C-4BC1-A911-1F62ABF3AED6}.Debug|Win32.ActiveCfg = Debug|Win32
		{ED5D6732-2C0C-4BC1-A911-1F62ABF3AED6}.Debug|Win32.Build.0 = Debug|Win32
		{ED5D6732-2C0C-4BC1-A911-1F62ABF3AED6}.MinSizeRel|Win32.ActiveCfg = MinSizeRel|Win32
		{ED5D6732-2C0C-4BC1-A911-1F62ABF3AED6}.MinSizeRel|Win32.Build.0 = MinSizeRel|Win32
		{ED5D6732-2C0C-4BC1-A911-1F62ABF3AED6}.Release|Win32.ActiveCfg = Release|Win32
		{ED5D6732-2C0C-4BC1-A911-1F62ABF3AED6}.Release|Win32.Build.0 = Release|Win32
		{ED5D6732-2C0C-4BC1-A911-1F62ABF3AED6}.RelWithDebInfo|Win32.ActiveCfg = RelWithDebInfo|Win32
		{ED5D6732-2C0C-4BC1-A911-1F62ABF3AED6}.RelWithDebInfo|Win32.Build.0 = RelWithDebInfo|Win32
	EndGlobalSection
	GlobalSection(SolutionProperties) = preSolution
		HideSolutionNode = FALSE
	EndGlobalSection
	GlobalSection(NestedProjects) = preSolution
		{ED5D6732-2C0C-4BC1-A911-1F62ABF3AED6} = {F00A0DA2-3160-4BC0-8199-4380237DAF1A}
		{F4690F6B-A2FF-4199-BE30-65D959B9A643} = {F00A0DA2-3160-4BC0-8199-4380237DAF1A}
		{F8886EB6-CC5D-4854-ADAB-0E61B74EE9FE} = {F00A0DA2-3160-4BC0-8199-4380237DAF1A}
		{F0B4328E-DE01-4B59-89DC-C2535A0C63ED} = {75977E8F-82F9-4D52-95ED-AF892E65EC8D}
		{1ABDD080-D303-4B77-8425-D13F914A5CF5} = {D46D2794-F952-4EAE-8BB8-54244BEAD697}
		{31BF9B7B-F955-4B39-9FDA-FE4E2B995ECC} = {D46D2794-F952-4EAE-8BB8-54244BEAD697}
		{1E410450-9B9C-4A1F-9901-E19C111CED40} = {D46D2794-F952-4EAE-8BB8-54244BEAD697}
		{55BA20A8-74A9-4C22-9D2B-76E467C26D60} = {D46D2794-F952-4EAE-8BB8-54244BEAD697}
	EndGlobalSection
EndGlobal
