<?xml version="1.0" encoding="utf-8"?>
<Project ToolsVersion="4.0" xmlns="http://schemas.microsoft.com/developer/msbuild/2003">
  <ItemGroup>
    <Filter Include="源文件">
      <UniqueIdentifier>{4FC737F1-C7A5-4376-A066-2A32D752A2FF}</UniqueIdentifier>
      <Extensions>cpp;c;cc;cxx;def;odl;idl;hpj;bat;asm;asmx</Extensions>
    </Filter>
    <Filter Include="头文件">
      <UniqueIdentifier>{93995380-89BD-4b04-88EB-625FBE52EBFB}</UniqueIdentifier>
      <Extensions>h;hpp;hxx;hm;inl;inc;xsd</Extensions>
    </Filter>
    <Filter Include="资源文件">
      <UniqueIdentifier>{67DA6AB6-F800-4c08-8B7A-83BB121AAD01}</UniqueIdentifier>
      <Extensions>rc;ico;cur;bmp;dlg;rc2;rct;bin;rgs;gif;jpg;jpeg;jpe;resx;tiff;tif;png;wav;mfcribbon-ms</Extensions>
    </Filter>
  </ItemGroup>
  <ItemGroup>
    <Text Include="ReadMe.txt" />
  </ItemGroup>
  <ItemGroup>
    <ClInclude Include="Server\pc_dsplib\pc_dsplib.h">
      <Filter>头文件</Filter>
    </ClInclude>
    <ClInclude Include="Server\trainTemplate\tran.h">
      <Filter>头文件</Filter>
    </ClInclude>
    <ClInclude Include="Server\trainTemplate\xxhash.h">
      <Filter>头文件</Filter>
    </ClInclude>
    <ClInclude Include="Server\matchDestination\pc_huiben.h">
      <Filter>头文件</Filter>
    </ClInclude>
    <ClInclude Include="Server\pc_dsplib\tw_tpyedef.h">
      <Filter>头文件</Filter>
    </ClInclude>
    <ClInclude Include="pc_test\c_bmp.h">
      <Filter>头文件</Filter>
    </ClInclude>
    <ClInclude Include="..\..\matlab_huiben\picData.h">
      <Filter>头文件</Filter>
    </ClInclude>
  </ItemGroup>
  <ItemGroup>
    <ClCompile Include="Server\pc_dsplib\pc_dsplib.cpp">
      <Filter>源文件</Filter>
    </ClCompile>
    <ClCompile Include="Server\trainTemplate\tran.cpp">
      <Filter>源文件</Filter>
    </ClCompile>
    <ClCompile Include="Server\trainTemplate\xxhash.c">
      <Filter>源文件</Filter>
    </ClCompile>
    <ClCompile Include="Server\matchDestination\hanmmingmatch.cpp">
      <Filter>源文件</Filter>
    </ClCompile>
    <ClCompile Include="Server\matchDestination\pc_huiben.cpp">
      <Filter>源文件</Filter>
    </ClCompile>
    <ClCompile Include="pc_test\ImageConverter.cpp">
      <Filter>源文件</Filter>
    </ClCompile>
    <ClCompile Include="pc_test\matchWithImageshow.cpp">
      <Filter>源文件</Filter>
    </ClCompile>
    <ClCompile Include="Server\trainTemplate_main.cpp">
      <Filter>源文件</Filter>
    </ClCompile>
    <ClCompile Include="Server\matchDestination_main.cpp">
      <Filter>源文件</Filter>
    </ClCompile>
    <ClCompile Include="pc_test\c_bmp.cpp">
      <Filter>源文件</Filter>
    </ClCompile>
    <ClCompile Include="pc_test\Imagehalfsample.cpp">
      <Filter>源文件</Filter>
    </ClCompile>
    <ClCompile Include="..\..\matlab_huiben\resizePIC.cpp">
      <Filter>源文件</Filter>
    </ClCompile>
    <ClCompile Include="..\..\matlab_huiben\picData.cpp">
      <Filter>源文件</Filter>
    </ClCompile>
  </ItemGroup>
</Project>